
Microsoft Visual Studio Solution File, Format Version 12.00
# Visual Studio Version 17
VisualStudioVersion = 17.8.34511.84
MinimumVisualStudioVersion = 10.0.40219.1
Project("{FAE04EC0-301F-11D3-BF4B-00C04F79EFBC}") = "WebApplication3", "WebApplication3.csproj", "{224EF377-5490-432A-AF3D-2679239030B1}"
EndProject
Global
	GlobalSection(SolutionConfigurationPlatforms) = preSolution
		Debug|Any CPU = Debug|Any CPU
		Release|Any CPU = Release|Any CPU
	EndGlobalSection
	GlobalSection(ProjectConfigurationPlatforms) = postSolution
		{224EF377-5490-432A-AF3D-2679239030B1}.Debug|Any CPU.ActiveCfg = Debug|Any CPU
		{224EF377-5490-432A-AF3D-2679239030B1}.Debug|Any CPU.Build.0 = Debug|Any CPU
		{224EF377-5490-432A-AF3D-2679239030B1}.Release|Any CPU.ActiveCfg = Release|Any CPU
		{224EF377-5490-432A-AF3D-2679239030B1}.Release|Any CPU.Build.0 = Release|Any CPU
	EndGlobalSection
	GlobalSection(SolutionProperties) = preSolution
		HideSolutionNode = FALSE
	EndGlobalSection
	GlobalSection(ExtensibilityGlobals) = postSolution
		SolutionGuid = {12D26BAD-51D4-4817-8860-5EF05FFEB8E8}
	EndGlobalSection
EndGlobal
